
Microsoft Visual Studio Solution File, Format Version 12.00
# Visual Studio Version 17
VisualStudioVersion = 17.1.32407.343
MinimumVisualStudioVersion = 10.0.40219.1
Project("{22E6B5BF-DA75-4237-AFF6-05C0C5EAD5EB}") = "ImpressionableChildren", "Source\ImpressionableChildren.csproj", "{258C4202-27D4-4E43-A925-20AC72EA184E}"
EndProject
Global
	GlobalSection(SolutionConfigurationPlatforms) = preSolution
		Debug|Any CPU = Debug|Any CPU
		Release|Any CPU = Release|Any CPU
	EndGlobalSection
	GlobalSection(ProjectConfigurationPlatforms) = postSolution
		{258C4202-27D4-4E43-A925-20AC72EA184E}.Debug|Any CPU.ActiveCfg = Debug|Any CPU
		{258C4202-27D4-4E43-A925-20AC72EA184E}.Debug|Any CPU.Build.0 = Debug|Any CPU
		{258C4202-27D4-4E43-A925-20AC72EA184E}.Release|Any CPU.ActiveCfg = Release|Any CPU
		{258C4202-27D4-4E43-A925-20AC72EA184E}.Release|Any CPU.Build.0 = Release|Any CPU
	EndGlobalSection
	GlobalSection(SolutionProperties) = preSolution
		HideSolutionNode = FALSE
	EndGlobalSection
	GlobalSection(ExtensibilityGlobals) = postSolution
		SolutionGuid = {74CE28F9-3E47-483A-B089-098B1EE58A10}
	EndGlobalSection
EndGlobal
